
Microsoft Visual Studio Solution File, Format Version 12.00
# Visual Studio Version 17
VisualStudioVersion = 17.6.33829.357
MinimumVisualStudioVersion = 10.0.40219.1
Project("{FAE04EC0-301F-11D3-BF4B-00C04F79EFBC}") = "HomeWork", "HomeWork\HomeWork.csproj", "{CE2D5775-7B4F-4810-B672-72C4DFC167E6}"
EndProject
Global
	GlobalSection(SolutionConfigurationPlatforms) = preSolution
		Debug|Any CPU = Debug|Any CPU
		Release|Any CPU = Release|Any CPU
	EndGlobalSection
	GlobalSection(ProjectConfigurationPlatforms) = postSolution
		{CE2D5775-7B4F-4810-B672-72C4DFC167E6}.Debug|Any CPU.ActiveCfg = Debug|Any CPU
		{CE2D5775-7B4F-4810-B672-72C4DFC167E6}.Debug|Any CPU.Build.0 = Debug|Any CPU
		{CE2D5775-7B4F-4810-B672-72C4DFC167E6}.Release|Any CPU.ActiveCfg = Release|Any CPU
		{CE2D5775-7B4F-4810-B672-72C4DFC167E6}.Release|Any CPU.Build.0 = Release|Any CPU
	EndGlobalSection
	GlobalSection(SolutionProperties) = preSolution
		HideSolutionNode = FALSE
	EndGlobalSection
	GlobalSection(ExtensibilityGlobals) = postSolution
		SolutionGuid = {B8262343-ADDA-42A0-AB13-E8E75DBDB941}
	EndGlobalSection
EndGlobal
